{
  "version": "v1",
  "packages": {
    "@clerk/clerk-expo": {
      "signature": "60100a50cff9240341394f29f2f5eee9",
      "file": true
    },
    "@clerk/clerk-js": {
      "signature": "ee7837e34aa39d72212d1b0b105d5c7e",
      "file": true
    },
    "@clerk/types": {
      "signature": "ec9115655c06d0469d41e1366b2dd53f",
      "file": true
    }
  }
}